// !$*UTF8*$!
{
	archiveVersion = 1;
	classes = {
	};
	objectVersion = 50;
	objects = {

/* Begin PBXBuildFile section */
		AC0BF2F52305C18B00F7AFA9 /* AppDelegate.swift in Sources */ = {isa = PBXBuildFile; fileRef = AC0BF2F42305C18B00F7AFA9 /* AppDelegate.swift */; };
		AC0BF2F72305C18B00F7AFA9 /* SceneDelegate.swift in Sources */ = {isa = PBXBuildFile; fileRef = AC0BF2F62305C18B00F7AFA9 /* SceneDelegate.swift */; };
		AC0BF2FA2305C18B00F7AFA9 /* CoreData_SwiftUI.xcdatamodeld in Sources */ = {isa = PBXBuildFile; fileRef = AC0BF2F82305C18B00F7AFA9 /* CoreData_SwiftUI.xcdatamodeld */; };
		AC0BF2FC2305C18B00F7AFA9 /* ContentView.swift in Sources */ = {isa = PBXBuildFile; fileRef = AC0BF2FB2305C18B00F7AFA9 /* ContentView.swift */; };
		AC0BF2FE2305C18D00F7AFA9 /* Assets.xcassets in Resources */ = {isa = PBXBuildFile; fileRef = AC0BF2FD2305C18D00F7AFA9 /* Assets.xcassets */; };
		AC0BF3012305C18D00F7AFA9 /* Preview Assets.xcassets in Resources */ = {isa = PBXBuildFile; fileRef = AC0BF3002305C18D00F7AFA9 /* Preview Assets.xcassets */; };
		AC0BF3042305C18D00F7AFA9 /* LaunchScreen.storyboard in Resources */ = {isa = PBXBuildFile; fileRef = AC0BF3022305C18D00F7AFA9 /* LaunchScreen.storyboard */; };
		ACFC64B72307FD570076DB1E /* ToDoItem.swift in Sources */ = {isa = PBXBuildFile; fileRef = ACFC64B62307FD570076DB1E /* ToDoItem.swift */; };
		ACFC64B9230939990076DB1E /* ToDoItemView.swift in Sources */ = {isa = PBXBuildFile; fileRef = ACFC64B8230939990076DB1E /* ToDoItemView.swift */; };
/* End PBXBuildFile section */

/* Begin PBXFileReference section */
		AC0BF2F12305C18B00F7AFA9 /* CoreData-SwiftUI.app */ = {isa = PBXFileReference; explicitFileType = wrapper.application; includeInIndex = 0; path = "CoreData-SwiftUI.app"; sourceTree = BUILT_PRODUCTS_DIR; };
		AC0BF2F42305C18B00F7AFA9 /* AppDelegate.swift */ = {isa = PBXFileReference; lastKnownFileType = sourcecode.swift; path = AppDelegate.swift; sourceTree = "<group>"; };
		AC0BF2F62305C18B00F7AFA9 /* SceneDelegate.swift */ = {isa = PBXFileReference; lastKnownFileType = sourcecode.swift; path = SceneDelegate.swift; sourceTree = "<group>"; };
		AC0BF2F92305C18B00F7AFA9 /* CoreData_SwiftUI.xcdatamodel */ = {isa = PBXFileReference; lastKnownFileType = wrapper.xcdatamodel; path = CoreData_SwiftUI.xcdatamodel; sourceTree = "<group>"; };
		AC0BF2FB2305C18B00F7AFA9 /* ContentView.swift */ = {isa = PBXFileReference; lastKnownFileType = sourcecode.swift; path = ContentView.swift; sourceTree = "<group>"; };
		AC0BF2FD2305C18D00F7AFA9 /* Assets.xcassets */ = {isa = PBXFileReference; lastKnownFileType = folder.assetcatalog; path = Assets.xcassets; sourceTree = "<group>"; };
		AC0BF3002305C18D00F7AFA9 /* Preview Assets.xcassets */ = {isa = PBXFileReference; lastKnownFileType = folder.assetcatalog; path = "Preview Assets.xcassets"; sourceTree = "<group>"; };
		AC0BF3032305C18D00F7AFA9 /* Base */ = {isa = PBXFileReference; lastKnownFileType = file.storyboard; name = Base; path = Base.lproj/LaunchScreen.storyboard; sourceTree = "<group>"; };
		AC0BF3052305C18D00F7AFA9 /* Info.plist */ = {isa = PBXFileReference; lastKnownFileType = text.plist.xml; path = Info.plist; sourceTree = "<group>"; };
		ACFC64B62307FD570076DB1E /* ToDoItem.swift */ = {isa = PBXFileReference; lastKnownFileType = sourcecode.swift; path = ToDoItem.swift; sourceTree = "<group>"; };
		ACFC64B8230939990076DB1E /* ToDoItemView.swift */ = {isa = PBXFileReference; lastKnownFileType = sourcecode.swift; path = ToDoItemView.swift; sourceTree = "<group>"; };
/* End PBXFileReference section */

/* Begin PBXFrameworksBuildPhase section */
		AC0BF2EE2305C18B00F7AFA9 /* Frameworks */ = {
			isa = PBXFrameworksBuildPhase;
			buildActionMask = 2147483647;
			files = (
			);
			runOnlyForDeploymentPostprocessing = 0;
		};
/* End PBXFrameworksBuildPhase section */

/* Begin PBXGroup section */
		AC0BF2E82305C18A00F7AFA9 = {
			isa = PBXGroup;
			children = (
				AC0BF2F32305C18B00F7AFA9 /* CoreData-SwiftUI */,
				AC0BF2F22305C18B00F7AFA9 /* Products */,
			);
			sourceTree = "<group>";
		};
		AC0BF2F22305C18B00F7AFA9 /* Products */ = {
			isa = PBXGroup;
			children = (
				AC0BF2F12305C18B00F7AFA9 /* CoreData-SwiftUI.app */,
			);
			name = Products;
			sourceTree = "<group>";
		};
		AC0BF2F32305C18B00F7AFA9 /* CoreData-SwiftUI */ = {
			isa = PBXGroup;
			children = (
				AC0BF2F42305C18B00F7AFA9 /* AppDelegate.swift */,
				AC0BF2F62305C18B00F7AFA9 /* SceneDelegate.swift */,
				AC0BF2FB2305C18B00F7AFA9 /* ContentView.swift */,
				ACFC64B8230939990076DB1E /* ToDoItemView.swift */,
				ACFC64B62307FD570076DB1E /* ToDoItem.swift */,
				AC0BF2FD2305C18D00F7AFA9 /* Assets.xcassets */,
				AC0BF3022305C18D00F7AFA9 /* LaunchScreen.storyboard */,
				AC0BF3052305C18D00F7AFA9 /* Info.plist */,
				AC0BF2F82305C18B00F7AFA9 /* CoreData_SwiftUI.xcdatamodeld */,
				AC0BF2FF2305C18D00F7AFA9 /* Preview Content */,
			);
			path = "CoreData-SwiftUI";
			sourceTree = "<group>";
		};
		AC0BF2FF2305C18D00F7AFA9 /* Preview Content */ = {
			isa = PBXGroup;
			children = (
				AC0BF3002305C18D00F7AFA9 /* Preview Assets.xcassets */,
			);
			path = "Preview Content";
			sourceTree = "<group>";
		};
/* End PBXGroup section */

/* Begin PBXNativeTarget section */
		AC0BF2F02305C18B00F7AFA9 /* CoreData-SwiftUI */ = {
			isa = PBXNativeTarget;
			buildConfigurationList = AC0BF3082305C18D00F7AFA9 /* Build configuration list for PBXNativeTarget "CoreData-SwiftUI" */;
			buildPhases = (
				AC0BF2ED2305C18B00F7AFA9 /* Sources */,
				AC0BF2EE2305C18B00F7AFA9 /* Frameworks */,
				AC0BF2EF2305C18B00F7AFA9 /* Resources */,
			);
			buildRules = (
			);
			dependencies = (
			);
			name = "CoreData-SwiftUI";
			productName = "CoreData-SwiftUI";
			productReference = AC0BF2F12305C18B00F7AFA9 /* CoreData-SwiftUI.app */;
			productType = "com.apple.product-type.application";
		};
/* End PBXNativeTarget section */

/* Begin PBXProject section */
		AC0BF2E92305C18A00F7AFA9 /* Project object */ = {
			isa = PBXProject;
			attributes = {
				LastSwiftUpdateCheck = 1100;
				LastUpgradeCheck = 1100;
				ORGANIZATIONNAME = "Maxim Granchenko";
				TargetAttributes = {
					AC0BF2F02305C18B00F7AFA9 = {
						CreatedOnToolsVersion = 11.0;
					};
				};
			};
			buildConfigurationList = AC0BF2EC2305C18A00F7AFA9 /* Build configuration list for PBXProject "CoreData-SwiftUI" */;
			compatibilityVersion = "Xcode 9.3";
			developmentRegion = en;
			hasScannedForEncodings = 0;
			knownRegions = (
				en,
				Base,
			);
			mainGroup = AC0BF2E82305C18A00F7AFA9;
			productRefGroup = AC0BF2F22305C18B00F7AFA9 /* Products */;
			projectDirPath = "";
			projectRoot = "";
			targets = (
				AC0BF2F02305C18B00F7AFA9 /* CoreData-SwiftUI */,
			);
		};
/* End PBXProject section */

/* Begin PBXResourcesBuildPhase section */
		AC0BF2EF2305C18B00F7AFA9 /* Resources */ = {
			isa = PBXResourcesBuildPhase;
			buildActionMask = 2147483647;
			files = (
				AC0BF3042305C18D00F7AFA9 /* LaunchScreen.storyboard in Resources */,
				AC0BF3012305C18D00F7AFA9 /* Preview Assets.xcassets in Resources */,
				AC0BF2FE2305C18D00F7AFA9 /* Assets.xcassets in Resources */,
			);
			runOnlyForDeploymentPostprocessing = 0;
		};
/* End PBXResourcesBuildPhase section */

/* Begin PBXSourcesBuildPhase section */
		AC0BF2ED2305C18B00F7AFA9 /* Sources */ = {
			isa = PBXSourcesBuildPhase;
			buildActionMask = 2147483647;
			files = (
				AC0BF2FA2305C18B00F7AFA9 /* CoreData_SwiftUI.xcdatamodeld in Sources */,
				ACFC64B9230939990076DB1E /* ToDoItemView.swift in Sources */,
				AC0BF2F52305C18B00F7AFA9 /* AppDelegate.swift in Sources */,
				ACFC64B72307FD570076DB1E /* ToDoItem.swift in Sources */,
				AC0BF2FC2305C18B00F7AFA9 /* ContentView.swift in Sources */,
				AC0BF2F72305C18B00F7AFA9 /* SceneDelegate.swift in Sources */,
			);
			runOnlyForDeploymentPostprocessing = 0;
		};
/* End PBXSourcesBuildPhase section */

/* Begin PBXVariantGroup section */
		AC0BF3022305C18D00F7AFA9 /* LaunchScreen.storyboard */ = {
			isa = PBXVariantGroup;
			children = (
				AC0BF3032305C18D00F7AFA9 /* Base */,
			);
			name = LaunchScreen.storyboard;
			sourceTree = "<group>";
		};
/* End PBXVariantGroup section */

/* Begin XCBuildConfiguration section */
		AC0BF3062305C18D00F7AFA9 /* Debug */ = {
			isa = XCBuildConfiguration;
			buildSettings = {
				ALWAYS_SEARCH_USER_PATHS = NO;
				CLANG_ANALYZER_NONNULL = YES;
				CLANG_ANALYZER_NUMBER_OBJECT_CONVERSION = YES_AGGRESSIVE;
				CLANG_CXX_LANGUAGE_STANDARD = "gnu++14";
				CLANG_CXX_LIBRARY = "libc++";
				CLANG_ENABLE_MODULES = YES;
				CLANG_ENABLE_OBJC_ARC = YES;
				CLANG_ENABLE_OBJC_WEAK = YES;
				CLANG_WARN_BLOCK_CAPTURE_AUTORELEASING = YES;
				CLANG_WARN_BOOL_CONVERSION = YES;
				CLANG_WARN_COMMA = YES;
				CLANG_WARN_CONSTANT_CONVERSION = YES;
				CLANG_WARN_DEPRECATED_OBJC_IMPLEMENTATIONS = YES;
				CLANG_WARN_DIRECT_OBJC_ISA_USAGE = YES_ERROR;
				CLANG_WARN_DOCUMENTATION_COMMENTS = YES;
				CLANG_WARN_EMPTY_BODY = YES;
				CLANG_WARN_ENUM_CONVERSION = YES;
				CLANG_WARN_INFINITE_RECURSION = YES;
				CLANG_WARN_INT_CONVERSION = YES;
				CLANG_WARN_NON_LITERAL_NULL_CONVERSION = YES;
				CLANG_WARN_OBJC_IMPLICIT_RETAIN_SELF = YES;
				CLANG_WARN_OBJC_LITERAL_CONVERSION = YES;
				CLANG_WARN_OBJC_ROOT_CLASS = YES_ERROR;
				CLANG_WARN_RANGE_LOOP_ANALYSIS = YES;
				CLANG_WARN_STRICT_PROTOTYPES = YES;
				CLANG_WARN_SUSPICIOUS_MOVE = YES;
				CLANG_WARN_UNGUARDED_AVAILABILITY = YES_AGGRESSIVE;
				CLANG_WARN_UNREACHABLE_CODE = YES;
				CLANG_WARN__DUPLICATE_METHOD_MATCH = YES;
				COPY_PHASE_STRIP = NO;
				DEBUG_INFORMATION_FORMAT = dwarf;
				ENABLE_STRICT_OBJC_MSGSEND = YES;
				ENABLE_TESTABILITY = YES;
				GCC_C_LANGUAGE_STANDARD = gnu11;
				GCC_DYNAMIC_NO_PIC = NO;
				GCC_NO_COMMON_BLOCKS = YES;
				GCC_OPTIMIZATION_LEVEL = 0;
				GCC_PREPROCESSOR_DEFINITIONS = (
					"DEBUG=1",
					"$(inherited)",
				);
				GCC_WARN_64_TO_32_BIT_CONVERSION = YES;
				GCC_WARN_ABOUT_RETURN_TYPE = YES_ERROR;
				GCC_WARN_UNDECLARED_SELECTOR = YES;
				GCC_WARN_UNINITIALIZED_AUTOS = YES_AGGRESSIVE;
				GCC_WARN_UNUSED_FUNCTION = YES;
				GCC_WARN_UNUSED_VARIABLE = YES;
				IPHONEOS_DEPLOYMENT_TARGET = 13.0;
				MTL_ENABLE_DEBUG_INFO = INCLUDE_SOURCE;
				MTL_FAST_MATH = YES;
				ONLY_ACTIVE_ARCH = YES;
				SDKROOT = iphoneos;
				SWIFT_ACTIVE_COMPILATION_CONDITIONS = DEBUG;
				SWIFT_OPTIMIZATION_LEVEL = "-Onone";
			};
			name = Debug;
		};
		AC0BF3072305C18D00F7AFA9 /* Release */ = {
			isa = XCBuildConfiguration;
			buildSettings = {
				ALWAYS_SEARCH_USER_PATHS = NO;
				CLANG_ANALYZER_NONNULL = YES;
				CLANG_ANALYZER_NUMBER_OBJECT_CONVERSION = YES_AGGRESSIVE;
				CLANG_CXX_LANGUAGE_STANDARD = "gnu++14";
				CLANG_CXX_LIBRARY = "libc++";
				CLANG_ENABLE_MODULES = YES;
				CLANG_ENABLE_OBJC_ARC = YES;
				CLANG_ENABLE_OBJC_WEAK = YES;
				CLANG_WARN_BLOCK_CAPTURE_AUTORELEASING = YES;
				CLANG_WARN_BOOL_CONVERSION = YES;
				CLANG_WARN_COMMA = YES;
				CLANG_WARN_CONSTANT_CONVERSION = YES;
				CLANG_WARN_DEPRECATED_OBJC_IMPLEMENTATIONS = YES;
				CLANG_WARN_DIRECT_OBJC_ISA_USAGE = YES_ERROR;
				CLANG_WARN_DOCUMENTATION_COMMENTS = YES;
				CLANG_WARN_EMPTY_BODY = YES;
				CLANG_WARN_ENUM_CONVERSION = YES;
				CLANG_WARN_INFINITE_RECURSION = YES;
				CLANG_WARN_INT_CONVERSION = YES;
				CLANG_WARN_NON_LITERAL_NULL_CONVERSION = YES;
				CLANG_WARN_OBJC_IMPLICIT_RETAIN_SELF = YES;
				CLANG_WARN_OBJC_LITERAL_CONVERSION = YES;
				CLANG_WARN_OBJC_ROOT_CLASS = YES_ERROR;
				CLANG_WARN_RANGE_LOOP_ANALYSIS = YES;
				CLANG_WARN_STRICT_PROTOTYPES = YES;
				CLANG_WARN_SUSPICIOUS_MOVE = YES;
				CLANG_WARN_UNGUARDED_AVAILABILITY = YES_AGGRESSIVE;
				CLANG_WARN_UNREACHABLE_CODE = YES;
				CLANG_WARN__DUPLICATE_METHOD_MATCH = YES;
				COPY_PHASE_STRIP = NO;
				DEBUG_INFORMATION_FORMAT = "dwarf-with-dsym";
				ENABLE_NS_ASSERTIONS = NO;
				ENABLE_STRICT_OBJC_MSGSEND = YES;
				GCC_C_LANGUAGE_STANDARD = gnu11;
				GCC_NO_COMMON_BLOCKS = YES;
				GCC_WARN_64_TO_32_BIT_CONVERSION = YES;
				GCC_WARN_ABOUT_RETURN_TYPE = YES_ERROR;
				GCC_WARN_UNDECLARED_SELECTOR = YES;
				GCC_WARN_UNINITIALIZED_AUTOS = YES_AGGRESSIVE;
				GCC_WARN_UNUSED_FUNCTION = YES;
				GCC_WARN_UNUSED_VARIABLE = YES;
				IPHONEOS_DEPLOYMENT_TARGET = 13.0;
				MTL_ENABLE_DEBUG_INFO = NO;
				MTL_FAST_MATH = YES;
				SDKROOT = iphoneos;
				SWIFT_COMPILATION_MODE = wholemodule;
				SWIFT_OPTIMIZATION_LEVEL = "-O";
				VALIDATE_PRODUCT = YES;
			};
			name = Release;
		};
		AC0BF3092305C18D00F7AFA9 /* Debug */ = {
			isa = XCBuildConfiguration;
			buildSettings = {
				ASSETCATALOG_COMPILER_APPICON_NAME = AppIcon;
				CODE_SIGN_STYLE = Automatic;
				DEVELOPMENT_ASSET_PATHS = "CoreData-SwiftUI/Preview\\ Content";
				DEVELOPMENT_TEAM = R4XB56HC9M;
				ENABLE_PREVIEWS = YES;
				INFOPLIST_FILE = "CoreData-SwiftUI/Info.plist";
				LD_RUNPATH_SEARCH_PATHS = (
					"$(inherited)",
					"@executable_path/Frameworks",
				);
				PRODUCT_BUNDLE_IDENTIFIER = "iMakca.CoreData-SwiftUI";
				PRODUCT_NAME = "$(TARGET_NAME)";
				SWIFT_VERSION = 5.0;
				TARGETED_DEVICE_FAMILY = "1,2";
			};
			name = Debug;
		};
		AC0BF30A2305C18D00F7AFA9 /* Release */ = {
			isa = XCBuildConfiguration;
			buildSettings = {
				ASSETCATALOG_COMPILER_APPICON_NAME = AppIcon;
				CODE_SIGN_STYLE = Automatic;
				DEVELOPMENT_ASSET_PATHS = "CoreData-SwiftUI/Preview\\ Content";
				DEVELOPMENT_TEAM = R4XB56HC9M;
				ENABLE_PREVIEWS = YES;
				INFOPLIST_FILE = "CoreData-SwiftUI/Info.plist";
				LD_RUNPATH_SEARCH_PATHS = (
					"$(inherited)",
					"@executable_path/Frameworks",
				);
				PRODUCT_BUNDLE_IDENTIFIER = "iMakca.CoreData-SwiftUI";
				PRODUCT_NAME = "$(TARGET_NAME)";
				SWIFT_VERSION = 5.0;
				TARGETED_DEVICE_FAMILY = "1,2";
			};
			name = Release;
		};
/* End XCBuildConfiguration section */

/* Begin XCConfigurationList section */
		AC0BF2EC2305C18A00F7AFA9 /* Build configuration list for PBXProject "CoreData-SwiftUI" */ = {
			isa = XCConfigurationList;
			buildConfigurations = (
				AC0BF3062305C18D00F7AFA9 /* Debug */,
				AC0BF3072305C18D00F7AFA9 /* Release */,
			);
			defaultConfigurationIsVisible = 0;
			defaultConfigurationName = Release;
		};
		AC0BF3082305C18D00F7AFA9 /* Build configuration list for PBXNativeTarget "CoreData-SwiftUI" */ = {
			isa = XCConfigurationList;
			buildConfigurations = (
				AC0BF3092305C18D00F7AFA9 /* Debug */,
				AC0BF30A2305C18D00F7AFA9 /* Release */,
			);
			defaultConfigurationIsVisible = 0;
			defaultConfigurationName = Release;
		};
/* End XCConfigurationList section */

/* Begin XCVersionGroup section */
		AC0BF2F82305C18B00F7AFA9 /* CoreData_SwiftUI.xcdatamodeld */ = {
			isa = XCVersionGroup;
			children = (
				AC0BF2F92305C18B00F7AFA9 /* CoreData_SwiftUI.xcdatamodel */,
			);
			currentVersion = AC0BF2F92305C18B00F7AFA9 /* CoreData_SwiftUI.xcdatamodel */;
			path = CoreData_SwiftUI.xcdatamodeld;
			sourceTree = "<group>";
			versionGroupType = wrapper.xcdatamodel;
		};
/* End XCVersionGroup section */
	};
	rootObject = AC0BF2E92305C18A00F7AFA9 /* Project object */;
}
